
Microsoft Visual Studio Solution File, Format Version 12.00
# Visual Studio Version 17
VisualStudioVersion = 17.2.32616.157
MinimumVisualStudioVersion = 10.0.40219.1
Project("{FAE04EC0-301F-11D3-BF4B-00C04F79EFBC}") = "DemoPractice", "DemoPractice\DemoPractice.csproj", "{B7E7FA24-7210-4274-BEDC-084711A42FB2}"
EndProject
Global
	GlobalSection(SolutionConfigurationPlatforms) = preSolution
		Debug|Any CPU = Debug|Any CPU
		Release|Any CPU = Release|Any CPU
	EndGlobalSection
	GlobalSection(ProjectConfigurationPlatforms) = postSolution
		{B7E7FA24-7210-4274-BEDC-084711A42FB2}.Debug|Any CPU.ActiveCfg = Debug|Any CPU
		{B7E7FA24-7210-4274-BEDC-084711A42FB2}.Debug|Any CPU.Build.0 = Debug|Any CPU
		{B7E7FA24-7210-4274-BEDC-084711A42FB2}.Release|Any CPU.ActiveCfg = Release|Any CPU
		{B7E7FA24-7210-4274-BEDC-084711A42FB2}.Release|Any CPU.Build.0 = Release|Any CPU
	EndGlobalSection
	GlobalSection(SolutionProperties) = preSolution
		HideSolutionNode = FALSE
	EndGlobalSection
	GlobalSection(ExtensibilityGlobals) = postSolution
		SolutionGuid = {7EFB46E2-54B7-4C52-B235-A4CC886C1074}
	EndGlobalSection
EndGlobal
