
Microsoft Visual Studio Solution File, Format Version 12.00
# Visual Studio Version 17
VisualStudioVersion = 17.2.32616.157
MinimumVisualStudioVersion = 10.0.40219.1
Project("{FAE04EC0-301F-11D3-BF4B-00C04F79EFBC}") = "EmployeeDataDotNetCore", "EmployeeDataDotNetCore\EmployeeDataDotNetCore.csproj", "{F75FD5DE-629B-4F66-BB25-5C0B85595424}"
EndProject
Global
	GlobalSection(SolutionConfigurationPlatforms) = preSolution
		Debug|Any CPU = Debug|Any CPU
		Release|Any CPU = Release|Any CPU
	EndGlobalSection
	GlobalSection(ProjectConfigurationPlatforms) = postSolution
		{F75FD5DE-629B-4F66-BB25-5C0B85595424}.Debug|Any CPU.ActiveCfg = Debug|Any CPU
		{F75FD5DE-629B-4F66-BB25-5C0B85595424}.Debug|Any CPU.Build.0 = Debug|Any CPU
		{F75FD5DE-629B-4F66-BB25-5C0B85595424}.Release|Any CPU.ActiveCfg = Release|Any CPU
		{F75FD5DE-629B-4F66-BB25-5C0B85595424}.Release|Any CPU.Build.0 = Release|Any CPU
	EndGlobalSection
	GlobalSection(SolutionProperties) = preSolution
		HideSolutionNode = FALSE
	EndGlobalSection
	GlobalSection(ExtensibilityGlobals) = postSolution
		SolutionGuid = {D66AE0A6-1D7C-4EBE-A244-DC853BBB0305}
	EndGlobalSection
EndGlobal
