
Microsoft Visual Studio Solution File, Format Version 12.00
# Visual Studio Version 17
VisualStudioVersion = 17.2.32616.157
MinimumVisualStudioVersion = 10.0.40219.1
Project("{FAE04EC0-301F-11D3-BF4B-00C04F79EFBC}") = "SqlDataAdapterADO", "SqlDataAdapterADO\SqlDataAdapterADO.csproj", "{C4F20C6F-38DD-4736-9410-1F6EFD7CC0E3}"
EndProject
Global
	GlobalSection(SolutionConfigurationPlatforms) = preSolution
		Debug|Any CPU = Debug|Any CPU
		Release|Any CPU = Release|Any CPU
	EndGlobalSection
	GlobalSection(ProjectConfigurationPlatforms) = postSolution
		{C4F20C6F-38DD-4736-9410-1F6EFD7CC0E3}.Debug|Any CPU.ActiveCfg = Debug|Any CPU
		{C4F20C6F-38DD-4736-9410-1F6EFD7CC0E3}.Debug|Any CPU.Build.0 = Debug|Any CPU
		{C4F20C6F-38DD-4736-9410-1F6EFD7CC0E3}.Release|Any CPU.ActiveCfg = Release|Any CPU
		{C4F20C6F-38DD-4736-9410-1F6EFD7CC0E3}.Release|Any CPU.Build.0 = Release|Any CPU
	EndGlobalSection
	GlobalSection(SolutionProperties) = preSolution
		HideSolutionNode = FALSE
	EndGlobalSection
	GlobalSection(ExtensibilityGlobals) = postSolution
		SolutionGuid = {6438CFC3-8CE1-4157-A85B-9102E412628E}
	EndGlobalSection
EndGlobal
