
Microsoft Visual Studio Solution File, Format Version 12.00
# Visual Studio Version 17
VisualStudioVersion = 17.2.32616.157
MinimumVisualStudioVersion = 10.0.40219.1
Project("{FAE04EC0-301F-11D3-BF4B-00C04F79EFBC}") = "AspNetFirstWebApi", "AspNetFirstWebApi\AspNetFirstWebApi.csproj", "{2CF25867-F4EE-4F29-BE0E-CABAF92C86AC}"
EndProject
Global
	GlobalSection(SolutionConfigurationPlatforms) = preSolution
		Debug|Any CPU = Debug|Any CPU
		Release|Any CPU = Release|Any CPU
	EndGlobalSection
	GlobalSection(ProjectConfigurationPlatforms) = postSolution
		{2CF25867-F4EE-4F29-BE0E-CABAF92C86AC}.Debug|Any CPU.ActiveCfg = Debug|Any CPU
		{2CF25867-F4EE-4F29-BE0E-CABAF92C86AC}.Debug|Any CPU.Build.0 = Debug|Any CPU
		{2CF25867-F4EE-4F29-BE0E-CABAF92C86AC}.Release|Any CPU.ActiveCfg = Release|Any CPU
		{2CF25867-F4EE-4F29-BE0E-CABAF92C86AC}.Release|Any CPU.Build.0 = Release|Any CPU
	EndGlobalSection
	GlobalSection(SolutionProperties) = preSolution
		HideSolutionNode = FALSE
	EndGlobalSection
	GlobalSection(ExtensibilityGlobals) = postSolution
		SolutionGuid = {BD9678E2-CB09-4C25-9A50-A3526EAA2F8D}
	EndGlobalSection
EndGlobal
