
Microsoft Visual Studio Solution File, Format Version 12.00
# Visual Studio Version 17
VisualStudioVersion = 17.2.32616.157
MinimumVisualStudioVersion = 10.0.40219.1
Project("{FAE04EC0-301F-11D3-BF4B-00C04F79EFBC}") = "AspNetWebApiWithDatabase", "AspNetWebApiWithDatabase\AspNetWebApiWithDatabase.csproj", "{89889B06-85AE-4EB3-ABCD-A6866E2C46B2}"
EndProject
Global
	GlobalSection(SolutionConfigurationPlatforms) = preSolution
		Debug|Any CPU = Debug|Any CPU
		Release|Any CPU = Release|Any CPU
	EndGlobalSection
	GlobalSection(ProjectConfigurationPlatforms) = postSolution
		{89889B06-85AE-4EB3-ABCD-A6866E2C46B2}.Debug|Any CPU.ActiveCfg = Debug|Any CPU
		{89889B06-85AE-4EB3-ABCD-A6866E2C46B2}.Debug|Any CPU.Build.0 = Debug|Any CPU
		{89889B06-85AE-4EB3-ABCD-A6866E2C46B2}.Release|Any CPU.ActiveCfg = Release|Any CPU
		{89889B06-85AE-4EB3-ABCD-A6866E2C46B2}.Release|Any CPU.Build.0 = Release|Any CPU
	EndGlobalSection
	GlobalSection(SolutionProperties) = preSolution
		HideSolutionNode = FALSE
	EndGlobalSection
	GlobalSection(ExtensibilityGlobals) = postSolution
		SolutionGuid = {A0CA9617-75AA-4FE5-9041-8EF29E2891EC}
	EndGlobalSection
EndGlobal
