
Microsoft Visual Studio Solution File, Format Version 12.00
# Visual Studio Version 17
VisualStudioVersion = 17.2.32616.157
MinimumVisualStudioVersion = 10.0.40219.1
Project("{FAE04EC0-301F-11D3-BF4B-00C04F79EFBC}") = "GenericStackDemo", "GenericStackDemo\GenericStackDemo.csproj", "{0924754B-1934-430B-ADCA-5F87B7C86EB1}"
EndProject
Global
	GlobalSection(SolutionConfigurationPlatforms) = preSolution
		Debug|Any CPU = Debug|Any CPU
		Release|Any CPU = Release|Any CPU
	EndGlobalSection
	GlobalSection(ProjectConfigurationPlatforms) = postSolution
		{0924754B-1934-430B-ADCA-5F87B7C86EB1}.Debug|Any CPU.ActiveCfg = Debug|Any CPU
		{0924754B-1934-430B-ADCA-5F87B7C86EB1}.Debug|Any CPU.Build.0 = Debug|Any CPU
		{0924754B-1934-430B-ADCA-5F87B7C86EB1}.Release|Any CPU.ActiveCfg = Release|Any CPU
		{0924754B-1934-430B-ADCA-5F87B7C86EB1}.Release|Any CPU.Build.0 = Release|Any CPU
	EndGlobalSection
	GlobalSection(SolutionProperties) = preSolution
		HideSolutionNode = FALSE
	EndGlobalSection
	GlobalSection(ExtensibilityGlobals) = postSolution
		SolutionGuid = {7C0E9328-9C0F-4A35-B544-2F89E81B4E32}
	EndGlobalSection
EndGlobal
